{
  "name": "windows-bash-guard",
  "version": "1.0.0",
  "lockfileVersion": 3,
  "requires": true,
  "packages": {
    "": {
      "name": "windows-bash-guard",
      "version": "1.0.0",
      "license": "ISC",
      "dependencies": {
        "claude-code-types": "^0.4.3"
      }
    },
    "node_modules/claude-code-types": {
      "version": "0.4.3",
      "resolved": "https://registry.npmjs.org/claude-code-types/-/claude-code-types-0.4.3.tgz",
      "integrity": "sha512-+StRctWIVR/HeKbdkVlOlA71wYEo1/P9i4fOOmNfN1a36ayutYykkRQkIc1BiBJLtD4jpphdEEgwlAYSgQ/jGQ==",
      "license": "MIT"
    }
  }
}
